// !$*UTF8*$!
{
	archiveVersion = 1;
	classes = {
	};
	objectVersion = 46;
	objects = {

/* Begin PBXBuildFile section */
		37988CD318E9EC5700021373 /* Foundation.framework in Frameworks */ = {isa = PBXBuildFile; fileRef = 37988CD218E9EC5700021373 /* Foundation.framework */; };
		37988CD518E9EC5700021373 /* CoreGraphics.framework in Frameworks */ = {isa = PBXBuildFile; fileRef = 37988CD418E9EC5700021373 /* CoreGraphics.framework */; };
		37988CD718E9EC5700021373 /* UIKit.framework in Frameworks */ = {isa = PBXBuildFile; fileRef = 37988CD618E9EC5700021373 /* UIKit.framework */; };
		37988CDD18E9EC5700021373 /* InfoPlist.strings in Resources */ = {isa = PBXBuildFile; fileRef = 37988CDB18E9EC5700021373 /* InfoPlist.strings */; };
		37988CDF18E9EC5700021373 /* main.m in Sources */ = {isa = PBXBuildFile; fileRef = 37988CDE18E9EC5700021373 /* main.m */; };
		37988CE318E9EC5700021373 /* AppDelegate.m in Sources */ = {isa = PBXBuildFile; fileRef = 37988CE218E9EC5700021373 /* AppDelegate.m */; };
		37988CE618E9EC5700021373 /* Main.storyboard in Resources */ = {isa = PBXBuildFile; fileRef = 37988CE418E9EC5700021373 /* Main.storyboard */; };
		37988CE918E9EC5700021373 /* ViewController.m in Sources */ = {isa = PBXBuildFile; fileRef = 37988CE818E9EC5700021373 /* ViewController.m */; };
		37988CEB18E9EC5700021373 /* Images.xcassets in Resources */ = {isa = PBXBuildFile; fileRef = 37988CEA18E9EC5700021373 /* Images.xcassets */; };
		37988CF218E9EC5700021373 /* XCTest.framework in Frameworks */ = {isa = PBXBuildFile; fileRef = 37988CF118E9EC5700021373 /* XCTest.framework */; };
		37988CF318E9EC5700021373 /* Foundation.framework in Frameworks */ = {isa = PBXBuildFile; fileRef = 37988CD218E9EC5700021373 /* Foundation.framework */; };
		37988CF418E9EC5700021373 /* UIKit.framework in Frameworks */ = {isa = PBXBuildFile; fileRef = 37988CD618E9EC5700021373 /* UIKit.framework */; };
		37988CFC18E9EC5700021373 /* InfoPlist.strings in Resources */ = {isa = PBXBuildFile; fileRef = 37988CFA18E9EC5700021373 /* InfoPlist.strings */; };
		37988CFE18E9EC5700021373 /* _014_Spring_DrawerViewUINavigationCategoryTests.m in Sources */ = {isa = PBXBuildFile; fileRef = 37988CFD18E9EC5700021373 /* _014_Spring_DrawerViewUINavigationCategoryTests.m */; };
/* End PBXBuildFile section */

/* Begin PBXContainerItemProxy section */
		37988CF518E9EC5700021373 /* PBXContainerItemProxy */ = {
			isa = PBXContainerItemProxy;
			containerPortal = 37988CC718E9EC5700021373 /* Project object */;
			proxyType = 1;
			remoteGlobalIDString = 37988CCE18E9EC5700021373;
			remoteInfo = "2014-Spring-DrawerViewUINavigationCategory";
		};
/* End PBXContainerItemProxy section */

/* Begin PBXFileReference section */
		37988CCF18E9EC5700021373 /* 2014-Spring-DrawerViewUINavigationCategory.app */ = {isa = PBXFileReference; explicitFileType = wrapper.application; includeInIndex = 0; path = "2014-Spring-DrawerViewUINavigationCategory.app"; sourceTree = BUILT_PRODUCTS_DIR; };
		37988CD218E9EC5700021373 /* Foundation.framework */ = {isa = PBXFileReference; lastKnownFileType = wrapper.framework; name = Foundation.framework; path = System/Library/Frameworks/Foundation.framework; sourceTree = SDKROOT; };
		37988CD418E9EC5700021373 /* CoreGraphics.framework */ = {isa = PBXFileReference; lastKnownFileType = wrapper.framework; name = CoreGraphics.framework; path = System/Library/Frameworks/CoreGraphics.framework; sourceTree = SDKROOT; };
		37988CD618E9EC5700021373 /* UIKit.framework */ = {isa = PBXFileReference; lastKnownFileType = wrapper.framework; name = UIKit.framework; path = System/Library/Frameworks/UIKit.framework; sourceTree = SDKROOT; };
		37988CDA18E9EC5700021373 /* 2014-Spring-DrawerViewUINavigationCategory-Info.plist */ = {isa = PBXFileReference; lastKnownFileType = text.plist.xml; path = "2014-Spring-DrawerViewUINavigationCategory-Info.plist"; sourceTree = "<group>"; };
		37988CDC18E9EC5700021373 /* en */ = {isa = PBXFileReference; lastKnownFileType = text.plist.strings; name = en; path = en.lproj/InfoPlist.strings; sourceTree = "<group>"; };
		37988CDE18E9EC5700021373 /* main.m */ = {isa = PBXFileReference; lastKnownFileType = sourcecode.c.objc; path = main.m; sourceTree = "<group>"; };
		37988CE018E9EC5700021373 /* 2014-Spring-DrawerViewUINavigationCategory-Prefix.pch */ = {isa = PBXFileReference; lastKnownFileType = sourcecode.c.h; path = "2014-Spring-DrawerViewUINavigationCategory-Prefix.pch"; sourceTree = "<group>"; };
		37988CE118E9EC5700021373 /* AppDelegate.h */ = {isa = PBXFileReference; lastKnownFileType = sourcecode.c.h; path = AppDelegate.h; sourceTree = "<group>"; };
		37988CE218E9EC5700021373 /* AppDelegate.m */ = {isa = PBXFileReference; lastKnownFileType = sourcecode.c.objc; path = AppDelegate.m; sourceTree = "<group>"; };
		37988CE518E9EC5700021373 /* Base */ = {isa = PBXFileReference; lastKnownFileType = file.storyboard; name = Base; path = Base.lproj/Main.storyboard; sourceTree = "<group>"; };
		37988CE718E9EC5700021373 /* ViewController.h */ = {isa = PBXFileReference; lastKnownFileType = sourcecode.c.h; path = ViewController.h; sourceTree = "<group>"; };
		37988CE818E9EC5700021373 /* ViewController.m */ = {isa = PBXFileReference; lastKnownFileType = sourcecode.c.objc; path = ViewController.m; sourceTree = "<group>"; };
		37988CEA18E9EC5700021373 /* Images.xcassets */ = {isa = PBXFileReference; lastKnownFileType = folder.assetcatalog; path = Images.xcassets; sourceTree = "<group>"; };
		37988CF018E9EC5700021373 /* 2014-Spring-DrawerViewUINavigationCategoryTests.xctest */ = {isa = PBXFileReference; explicitFileType = wrapper.cfbundle; includeInIndex = 0; path = "2014-Spring-DrawerViewUINavigationCategoryTests.xctest"; sourceTree = BUILT_PRODUCTS_DIR; };
		37988CF118E9EC5700021373 /* XCTest.framework */ = {isa = PBXFileReference; lastKnownFileType = wrapper.framework; name = XCTest.framework; path = Library/Frameworks/XCTest.framework; sourceTree = DEVELOPER_DIR; };
		37988CF918E9EC5700021373 /* 2014-Spring-DrawerViewUINavigationCategoryTests-Info.plist */ = {isa = PBXFileReference; lastKnownFileType = text.plist.xml; path = "2014-Spring-DrawerViewUINavigationCategoryTests-Info.plist"; sourceTree = "<group>"; };
		37988CFB18E9EC5700021373 /* en */ = {isa = PBXFileReference; lastKnownFileType = text.plist.strings; name = en; path = en.lproj/InfoPlist.strings; sourceTree = "<group>"; };
		37988CFD18E9EC5700021373 /* _014_Spring_DrawerViewUINavigationCategoryTests.m */ = {isa = PBXFileReference; lastKnownFileType = sourcecode.c.objc; path = _014_Spring_DrawerViewUINavigationCategoryTests.m; sourceTree = "<group>"; };
/* End PBXFileReference section */

/* Begin PBXFrameworksBuildPhase section */
		37988CCC18E9EC5700021373 /* Frameworks */ = {
			isa = PBXFrameworksBuildPhase;
			buildActionMask = 2147483647;
			files = (
				37988CD518E9EC5700021373 /* CoreGraphics.framework in Frameworks */,
				37988CD718E9EC5700021373 /* UIKit.framework in Frameworks */,
				37988CD318E9EC5700021373 /* Foundation.framework in Frameworks */,
			);
			runOnlyForDeploymentPostprocessing = 0;
		};
		37988CED18E9EC5700021373 /* Frameworks */ = {
			isa = PBXFrameworksBuildPhase;
			buildActionMask = 2147483647;
			files = (
				37988CF218E9EC5700021373 /* XCTest.framework in Frameworks */,
				37988CF418E9EC5700021373 /* UIKit.framework in Frameworks */,
				37988CF318E9EC5700021373 /* Foundation.framework in Frameworks */,
			);
			runOnlyForDeploymentPostprocessing = 0;
		};
/* End PBXFrameworksBuildPhase section */

/* Begin PBXGroup section */
		37988CC618E9EC5700021373 = {
			isa = PBXGroup;
			children = (
				37988CD818E9EC5700021373 /* 2014-Spring-DrawerViewUINavigationCategory */,
				37988CF718E9EC5700021373 /* 2014-Spring-DrawerViewUINavigationCategoryTests */,
				37988CD118E9EC5700021373 /* Frameworks */,
				37988CD018E9EC5700021373 /* Products */,
			);
			sourceTree = "<group>";
		};
		37988CD018E9EC5700021373 /* Products */ = {
			isa = PBXGroup;
			children = (
				37988CCF18E9EC5700021373 /* 2014-Spring-DrawerViewUINavigationCategory.app */,
				37988CF018E9EC5700021373 /* 2014-Spring-DrawerViewUINavigationCategoryTests.xctest */,
			);
			name = Products;
			sourceTree = "<group>";
		};
		37988CD118E9EC5700021373 /* Frameworks */ = {
			isa = PBXGroup;
			children = (
				37988CD218E9EC5700021373 /* Foundation.framework */,
				37988CD418E9EC5700021373 /* CoreGraphics.framework */,
				37988CD618E9EC5700021373 /* UIKit.framework */,
				37988CF118E9EC5700021373 /* XCTest.framework */,
			);
			name = Frameworks;
			sourceTree = "<group>";
		};
		37988CD818E9EC5700021373 /* 2014-Spring-DrawerViewUINavigationCategory */ = {
			isa = PBXGroup;
			children = (
				37988CE118E9EC5700021373 /* AppDelegate.h */,
				37988CE218E9EC5700021373 /* AppDelegate.m */,
				37988CE418E9EC5700021373 /* Main.storyboard */,
				37988CE718E9EC5700021373 /* ViewController.h */,
				37988CE818E9EC5700021373 /* ViewController.m */,
				37988CEA18E9EC5700021373 /* Images.xcassets */,
				37988CD918E9EC5700021373 /* Supporting Files */,
			);
			path = "2014-Spring-DrawerViewUINavigationCategory";
			sourceTree = "<group>";
		};
		37988CD918E9EC5700021373 /* Supporting Files */ = {
			isa = PBXGroup;
			children = (
				37988CDA18E9EC5700021373 /* 2014-Spring-DrawerViewUINavigationCategory-Info.plist */,
				37988CDB18E9EC5700021373 /* InfoPlist.strings */,
				37988CDE18E9EC5700021373 /* main.m */,
				37988CE018E9EC5700021373 /* 2014-Spring-DrawerViewUINavigationCategory-Prefix.pch */,
			);
			name = "Supporting Files";
			sourceTree = "<group>";
		};
		37988CF718E9EC5700021373 /* 2014-Spring-DrawerViewUINavigationCategoryTests */ = {
			isa = PBXGroup;
			children = (
				37988CFD18E9EC5700021373 /* _014_Spring_DrawerViewUINavigationCategoryTests.m */,
				37988CF818E9EC5700021373 /* Supporting Files */,
			);
			path = "2014-Spring-DrawerViewUINavigationCategoryTests";
			sourceTree = "<group>";
		};
		37988CF818E9EC5700021373 /* Supporting Files */ = {
			isa = PBXGroup;
			children = (
				37988CF918E9EC5700021373 /* 2014-Spring-DrawerViewUINavigationCategoryTests-Info.plist */,
				37988CFA18E9EC5700021373 /* InfoPlist.strings */,
			);
			name = "Supporting Files";
			sourceTree = "<group>";
		};
/* End PBXGroup section */

/* Begin PBXNativeTarget section */
		37988CCE18E9EC5700021373 /* 2014-Spring-DrawerViewUINavigationCategory */ = {
			isa = PBXNativeTarget;
			buildConfigurationList = 37988D0118E9EC5700021373 /* Build configuration list for PBXNativeTarget "2014-Spring-DrawerViewUINavigationCategory" */;
			buildPhases = (
				37988CCB18E9EC5700021373 /* Sources */,
				37988CCC18E9EC5700021373 /* Frameworks */,
				37988CCD18E9EC5700021373 /* Resources */,
			);
			buildRules = (
			);
			dependencies = (
			);
			name = "2014-Spring-DrawerViewUINavigationCategory";
			productName = "2014-Spring-DrawerViewUINavigationCategory";
			productReference = 37988CCF18E9EC5700021373 /* 2014-Spring-DrawerViewUINavigationCategory.app */;
			productType = "com.apple.product-type.application";
		};
		37988CEF18E9EC5700021373 /* 2014-Spring-DrawerViewUINavigationCategoryTests */ = {
			isa = PBXNativeTarget;
			buildConfigurationList = 37988D0418E9EC5700021373 /* Build configuration list for PBXNativeTarget "2014-Spring-DrawerViewUINavigationCategoryTests" */;
			buildPhases = (
				37988CEC18E9EC5700021373 /* Sources */,
				37988CED18E9EC5700021373 /* Frameworks */,
				37988CEE18E9EC5700021373 /* Resources */,
			);
			buildRules = (
			);
			dependencies = (
				37988CF618E9EC5700021373 /* PBXTargetDependency */,
			);
			name = "2014-Spring-DrawerViewUINavigationCategoryTests";
			productName = "2014-Spring-DrawerViewUINavigationCategoryTests";
			productReference = 37988CF018E9EC5700021373 /* 2014-Spring-DrawerViewUINavigationCategoryTests.xctest */;
			productType = "com.apple.product-type.bundle.unit-test";
		};
/* End PBXNativeTarget section */

/* Begin PBXProject section */
		37988CC718E9EC5700021373 /* Project object */ = {
			isa = PBXProject;
			attributes = {
				LastUpgradeCheck = 0510;
				ORGANIZATIONNAME = "T. Andrew Binkowski";
				TargetAttributes = {
					37988CEF18E9EC5700021373 = {
						TestTargetID = 37988CCE18E9EC5700021373;
					};
				};
			};
			buildConfigurationList = 37988CCA18E9EC5700021373 /* Build configuration list for PBXProject "2014-Spring-DrawerViewUINavigationCategory" */;
			compatibilityVersion = "Xcode 3.2";
			developmentRegion = English;
			hasScannedForEncodings = 0;
			knownRegions = (
				en,
				Base,
			);
			mainGroup = 37988CC618E9EC5700021373;
			productRefGroup = 37988CD018E9EC5700021373 /* Products */;
			projectDirPath = "";
			projectRoot = "";
			targets = (
				37988CCE18E9EC5700021373 /* 2014-Spring-DrawerViewUINavigationCategory */,
				37988CEF18E9EC5700021373 /* 2014-Spring-DrawerViewUINavigationCategoryTests */,
			);
		};
/* End PBXProject section */

/* Begin PBXResourcesBuildPhase section */
		37988CCD18E9EC5700021373 /* Resources */ = {
			isa = PBXResourcesBuildPhase;
			buildActionMask = 2147483647;
			files = (
				37988CEB18E9EC5700021373 /* Images.xcassets in Resources */,
				37988CDD18E9EC5700021373 /* InfoPlist.strings in Resources */,
				37988CE618E9EC5700021373 /* Main.storyboard in Resources */,
			);
			runOnlyForDeploymentPostprocessing = 0;
		};
		37988CEE18E9EC5700021373 /* Resources */ = {
			isa = PBXResourcesBuildPhase;
			buildActionMask = 2147483647;
			files = (
				37988CFC18E9EC5700021373 /* InfoPlist.strings in Resources */,
			);
			runOnlyForDeploymentPostprocessing = 0;
		};
/* End PBXResourcesBuildPhase section */

/* Begin PBXSourcesBuildPhase section */
		37988CCB18E9EC5700021373 /* Sources */ = {
			isa = PBXSourcesBuildPhase;
			buildActionMask = 2147483647;
			files = (
				37988CE918E9EC5700021373 /* ViewController.m in Sources */,
				37988CE318E9EC5700021373 /* AppDelegate.m in Sources */,
				37988CDF18E9EC5700021373 /* main.m in Sources */,
			);
			runOnlyForDeploymentPostprocessing = 0;
		};
		37988CEC18E9EC5700021373 /* Sources */ = {
			isa = PBXSourcesBuildPhase;
			buildActionMask = 2147483647;
			files = (
				37988CFE18E9EC5700021373 /* _014_Spring_DrawerViewUINavigationCategoryTests.m in Sources */,
			);
			runOnlyForDeploymentPostprocessing = 0;
		};
/* End PBXSourcesBuildPhase section */

/* Begin PBXTargetDependency section */
		37988CF618E9EC5700021373 /* PBXTargetDependency */ = {
			isa = PBXTargetDependency;
			target = 37988CCE18E9EC5700021373 /* 2014-Spring-DrawerViewUINavigationCategory */;
			targetProxy = 37988CF518E9EC5700021373 /* PBXContainerItemProxy */;
		};
/* End PBXTargetDependency section */

/* Begin PBXVariantGroup section */
		37988CDB18E9EC5700021373 /* InfoPlist.strings */ = {
			isa = PBXVariantGroup;
			children = (
				37988CDC18E9EC5700021373 /* en */,
			);
			name = InfoPlist.strings;
			sourceTree = "<group>";
		};
		37988CE418E9EC5700021373 /* Main.storyboard */ = {
			isa = PBXVariantGroup;
			children = (
				37988CE518E9EC5700021373 /* Base */,
			);
			name = Main.storyboard;
			sourceTree = "<group>";
		};
		37988CFA18E9EC5700021373 /* InfoPlist.strings */ = {
			isa = PBXVariantGroup;
			children = (
				37988CFB18E9EC5700021373 /* en */,
			);
			name = InfoPlist.strings;
			sourceTree = "<group>";
		};
/* End PBXVariantGroup section */

/* Begin XCBuildConfiguration section */
		37988CFF18E9EC5700021373 /* Debug */ = {
			isa = XCBuildConfiguration;
			buildSettings = {
				ALWAYS_SEARCH_USER_PATHS = NO;
				CLANG_CXX_LANGUAGE_STANDARD = "gnu++0x";
				CLANG_CXX_LIBRARY = "libc++";
				CLANG_ENABLE_MODULES = YES;
				CLANG_ENABLE_OBJC_ARC = YES;
				CLANG_WARN_BOOL_CONVERSION = YES;
				CLANG_WARN_CONSTANT_CONVERSION = YES;
				CLANG_WARN_DIRECT_OBJC_ISA_USAGE = YES_ERROR;
				CLANG_WARN_EMPTY_BODY = YES;
				CLANG_WARN_ENUM_CONVERSION = YES;
				CLANG_WARN_INT_CONVERSION = YES;
				CLANG_WARN_OBJC_ROOT_CLASS = YES_ERROR;
				CLANG_WARN__DUPLICATE_METHOD_MATCH = YES;
				"CODE_SIGN_IDENTITY[sdk=iphoneos*]" = "iPhone Developer";
				COPY_PHASE_STRIP = NO;
				GCC_C_LANGUAGE_STANDARD = gnu99;
				GCC_DYNAMIC_NO_PIC = NO;
				GCC_OPTIMIZATION_LEVEL = 0;
				GCC_PREPROCESSOR_DEFINITIONS = (
					"DEBUG=1",
					"$(inherited)",
				);
				GCC_SYMBOLS_PRIVATE_EXTERN = NO;
				GCC_WARN_64_TO_32_BIT_CONVERSION = YES;
				GCC_WARN_ABOUT_RETURN_TYPE = YES_ERROR;
				GCC_WARN_UNDECLARED_SELECTOR = YES;
				GCC_WARN_UNINITIALIZED_AUTOS = YES_AGGRESSIVE;
				GCC_WARN_UNUSED_FUNCTION = YES;
				GCC_WARN_UNUSED_VARIABLE = YES;
				IPHONEOS_DEPLOYMENT_TARGET = 7.1;
				ONLY_ACTIVE_ARCH = YES;
				SDKROOT = iphoneos;
			};
			name = Debug;
		};
		37988D0018E9EC5700021373 /* Release */ = {
			isa = XCBuildConfiguration;
			buildSettings = {
				ALWAYS_SEARCH_USER_PATHS = NO;
				CLANG_CXX_LANGUAGE_STANDARD = "gnu++0x";
				CLANG_CXX_LIBRARY = "libc++";
				CLANG_ENABLE_MODULES = YES;
				CLANG_ENABLE_OBJC_ARC = YES;
				CLANG_WARN_BOOL_CONVERSION = YES;
				CLANG_WARN_CONSTANT_CONVERSION = YES;
				CLANG_WARN_DIRECT_OBJC_ISA_USAGE = YES_ERROR;
				CLANG_WARN_EMPTY_BODY = YES;
				CLANG_WARN_ENUM_CONVERSION = YES;
				CLANG_WARN_INT_CONVERSION = YES;
				CLANG_WARN_OBJC_ROOT_CLASS = YES_ERROR;
				CLANG_WARN__DUPLICATE_METHOD_MATCH = YES;
				"CODE_SIGN_IDENTITY[sdk=iphoneos*]" = "iPhone Developer";
				COPY_PHASE_STRIP = YES;
				ENABLE_NS_ASSERTIONS = NO;
				GCC_C_LANGUAGE_STANDARD = gnu99;
				GCC_WARN_64_TO_32_BIT_CONVERSION = YES;
				GCC_WARN_ABOUT_RETURN_TYPE = YES_ERROR;
				GCC_WARN_UNDECLARED_SELECTOR = YES;
				GCC_WARN_UNINITIALIZED_AUTOS = YES_AGGRESSIVE;
				GCC_WARN_UNUSED_FUNCTION = YES;
				GCC_WARN_UNUSED_VARIABLE = YES;
				IPHONEOS_DEPLOYMENT_TARGET = 7.1;
				SDKROOT = iphoneos;
				VALIDATE_PRODUCT = YES;
			};
			name = Release;
		};
		37988D0218E9EC5700021373 /* Debug */ = {
			isa = XCBuildConfiguration;
			buildSettings = {
				ASSETCATALOG_COMPILER_APPICON_NAME = AppIcon;
				ASSETCATALOG_COMPILER_LAUNCHIMAGE_NAME = LaunchImage;
				GCC_PRECOMPILE_PREFIX_HEADER = YES;
				GCC_PREFIX_HEADER = "2014-Spring-DrawerViewUINavigationCategory/2014-Spring-DrawerViewUINavigationCategory-Prefix.pch";
				INFOPLIST_FILE = "2014-Spring-DrawerViewUINavigationCategory/2014-Spring-DrawerViewUINavigationCategory-Info.plist";
				PRODUCT_NAME = "$(TARGET_NAME)";
				WRAPPER_EXTENSION = app;
			};
			name = Debug;
		};
		37988D0318E9EC5700021373 /* Release */ = {
			isa = XCBuildConfiguration;
			buildSettings = {
				ASSETCATALOG_COMPILER_APPICON_NAME = AppIcon;
				ASSETCATALOG_COMPILER_LAUNCHIMAGE_NAME = LaunchImage;
				GCC_PRECOMPILE_PREFIX_HEADER = YES;
				GCC_PREFIX_HEADER = "2014-Spring-DrawerViewUINavigationCategory/2014-Spring-DrawerViewUINavigationCategory-Prefix.pch";
				INFOPLIST_FILE = "2014-Spring-DrawerViewUINavigationCategory/2014-Spring-DrawerViewUINavigationCategory-Info.plist";
				PRODUCT_NAME = "$(TARGET_NAME)";
				WRAPPER_EXTENSION = app;
			};
			name = Release;
		};
		37988D0518E9EC5700021373 /* Debug */ = {
			isa = XCBuildConfiguration;
			buildSettings = {
				BUNDLE_LOADER = "$(BUILT_PRODUCTS_DIR)/2014-Spring-DrawerViewUINavigationCategory.app/2014-Spring-DrawerViewUINavigationCategory";
				FRAMEWORK_SEARCH_PATHS = (
					"$(SDKROOT)/Developer/Library/Frameworks",
					"$(inherited)",
					"$(DEVELOPER_FRAMEWORKS_DIR)",
				);
				GCC_PRECOMPILE_PREFIX_HEADER = YES;
				GCC_PREFIX_HEADER = "2014-Spring-DrawerViewUINavigationCategory/2014-Spring-DrawerViewUINavigationCategory-Prefix.pch";
				GCC_PREPROCESSOR_DEFINITIONS = (
					"DEBUG=1",
					"$(inherited)",
				);
				INFOPLIST_FILE = "2014-Spring-DrawerViewUINavigationCategoryTests/2014-Spring-DrawerViewUINavigationCategoryTests-Info.plist";
				PRODUCT_NAME = "$(TARGET_NAME)";
				TEST_HOST = "$(BUNDLE_LOADER)";
				WRAPPER_EXTENSION = xctest;
			};
			name = Debug;
		};
		37988D0618E9EC5700021373 /* Release */ = {
			isa = XCBuildConfiguration;
			buildSettings = {
				BUNDLE_LOADER = "$(BUILT_PRODUCTS_DIR)/2014-Spring-DrawerViewUINavigationCategory.app/2014-Spring-DrawerViewUINavigationCategory";
				FRAMEWORK_SEARCH_PATHS = (
					"$(SDKROOT)/Developer/Library/Frameworks",
					"$(inherited)",
					"$(DEVELOPER_FRAMEWORKS_DIR)",
				);
				GCC_PRECOMPILE_PREFIX_HEADER = YES;
				GCC_PREFIX_HEADER = "2014-Spring-DrawerViewUINavigationCategory/2014-Spring-DrawerViewUINavigationCategory-Prefix.pch";
				INFOPLIST_FILE = "2014-Spring-DrawerViewUINavigationCategoryTests/2014-Spring-DrawerViewUINavigationCategoryTests-Info.plist";
				PRODUCT_NAME = "$(TARGET_NAME)";
				TEST_HOST = "$(BUNDLE_LOADER)";
				WRAPPER_EXTENSION = xctest;
			};
			name = Release;
		};
/* End XCBuildConfiguration section */

/* Begin XCConfigurationList section */
		37988CCA18E9EC5700021373 /* Build configuration list for PBXProject "2014-Spring-DrawerViewUINavigationCategory" */ = {
			isa = XCConfigurationList;
			buildConfigurations = (
				37988CFF18E9EC5700021373 /* Debug */,
				37988D0018E9EC5700021373 /* Release */,
			);
			defaultConfigurationIsVisible = 0;
			defaultConfigurationName = Release;
		};
		37988D0118E9EC5700021373 /* Build configuration list for PBXNativeTarget "2014-Spring-DrawerViewUINavigationCategory" */ = {
			isa = XCConfigurationList;
			buildConfigurations = (
				37988D0218E9EC5700021373 /* Debug */,
				37988D0318E9EC5700021373 /* Release */,
			);
			defaultConfigurationIsVisible = 0;
		};
		37988D0418E9EC5700021373 /* Build configuration list for PBXNativeTarget "2014-Spring-DrawerViewUINavigationCategoryTests" */ = {
			isa = XCConfigurationList;
			buildConfigurations = (
				37988D0518E9EC5700021373 /* Debug */,
				37988D0618E9EC5700021373 /* Release */,
			);
			defaultConfigurationIsVisible = 0;
		};
/* End XCConfigurationList section */
	};
	rootObject = 37988CC718E9EC5700021373 /* Project object */;
}
